// !$*UTF8*$!
{
	archiveVersion = 1;
	classes = {
	};
	objectVersion = 77;
	objects = {

/* Begin PBXBuildFile section */
		EF91860A2CEC8A2A004B2A69 /* Preview Assets.xcassets in Resources */ = {isa = PBXBuildFile; fileRef = EF9186042CEC8A2A004B2A69 /* Preview Assets.xcassets */; };
		EF91860B2CEC8A2A004B2A69 /* Assets.xcassets in Resources */ = {isa = PBXBuildFile; fileRef = EF9186062CEC8A2A004B2A69 /* Assets.xcassets */; };
		EF91860C2CEC8A2A004B2A69 /* PDFPaperView.swift in Sources */ = {isa = PBXBuildFile; fileRef = EF9186072CEC8A2A004B2A69 /* PDFPaperView.swift */; };
		EF91860D2CEC8A2A004B2A69 /* PDFFondasiApp.swift in Sources */ = {isa = PBXBuildFile; fileRef = EF9186082CEC8A2A004B2A69 /* PDFFondasiApp.swift */; };
		EF9186102CEC8A7D004B2A69 /* PDFFondasiTests.swift in Sources */ = {isa = PBXBuildFile; fileRef = EF91860E2CEC8A7D004B2A69 /* PDFFondasiTests.swift */; };
		EF9186142CEC8A80004B2A69 /* PDFFondasiUITests.swift in Sources */ = {isa = PBXBuildFile; fileRef = EF9186112CEC8A80004B2A69 /* PDFFondasiUITests.swift */; };
		EF9186152CEC8A80004B2A69 /* PDFFondasiUITestsLaunchTests.swift in Sources */ = {isa = PBXBuildFile; fileRef = EF9186122CEC8A80004B2A69 /* PDFFondasiUITestsLaunchTests.swift */; };
		EF9186172CEC9A6B004B2A69 /* FloorPlanCanvasView.swift in Sources */ = {isa = PBXBuildFile; fileRef = EF9186162CEC9A66004B2A69 /* FloorPlanCanvasView.swift */; };
		EF9186192CEC9B37004B2A69 /* ContentView.swift in Sources */ = {isa = PBXBuildFile; fileRef = EF9186182CEC9B32004B2A69 /* ContentView.swift */; };
		EF91861C2CEC9B80004B2A69 /* View+ExportToPDF.swift in Sources */ = {isa = PBXBuildFile; fileRef = EF91861B2CEC9B7C004B2A69 /* View+ExportToPDF.swift */; };
		EF91861F2CEC9C55004B2A69 /* PDFManager.swift in Sources */ = {isa = PBXBuildFile; fileRef = EF91861E2CEC9C53004B2A69 /* PDFManager.swift */; };
		EF9186212CEC9E8F004B2A69 /* ActivityView.swift in Sources */ = {isa = PBXBuildFile; fileRef = EF9186202CEC9E8C004B2A69 /* ActivityView.swift */; };
		EF9186232CEC9EAE004B2A69 /* Divider+PDFDivider.swift in Sources */ = {isa = PBXBuildFile; fileRef = EF9186222CEC9E9E004B2A69 /* Divider+PDFDivider.swift */; };
		EF9186262CECA648004B2A69 /* View+CornerRadius.swift in Sources */ = {isa = PBXBuildFile; fileRef = EF9186252CECA644004B2A69 /* View+CornerRadius.swift */; };
/* End PBXBuildFile section */

/* Begin PBXContainerItemProxy section */
		EF9185E82CEC8A25004B2A69 /* PBXContainerItemProxy */ = {
			isa = PBXContainerItemProxy;
			containerPortal = EF9185CF2CEC8A23004B2A69 /* Project object */;
			proxyType = 1;
			remoteGlobalIDString = EF9185D62CEC8A23004B2A69;
			remoteInfo = PDFFondasi;
		};
		EF9185F22CEC8A25004B2A69 /* PBXContainerItemProxy */ = {
			isa = PBXContainerItemProxy;
			containerPortal = EF9185CF2CEC8A23004B2A69 /* Project object */;
			proxyType = 1;
			remoteGlobalIDString = EF9185D62CEC8A23004B2A69;
			remoteInfo = PDFFondasi;
		};
/* End PBXContainerItemProxy section */

/* Begin PBXFileReference section */
		EF9185D72CEC8A23004B2A69 /* PDFFondasi.app */ = {isa = PBXFileReference; explicitFileType = wrapper.application; includeInIndex = 0; path = PDFFondasi.app; sourceTree = BUILT_PRODUCTS_DIR; };
		EF9185E72CEC8A25004B2A69 /* PDFFondasiTests.xctest */ = {isa = PBXFileReference; explicitFileType = wrapper.cfbundle; includeInIndex = 0; path = PDFFondasiTests.xctest; sourceTree = BUILT_PRODUCTS_DIR; };
		EF9185F12CEC8A25004B2A69 /* PDFFondasiUITests.xctest */ = {isa = PBXFileReference; explicitFileType = wrapper.cfbundle; includeInIndex = 0; path = PDFFondasiUITests.xctest; sourceTree = BUILT_PRODUCTS_DIR; };
		EF9186042CEC8A2A004B2A69 /* Preview Assets.xcassets */ = {isa = PBXFileReference; lastKnownFileType = folder.assetcatalog; path = "Preview Assets.xcassets"; sourceTree = "<group>"; };
		EF9186062CEC8A2A004B2A69 /* Assets.xcassets */ = {isa = PBXFileReference; lastKnownFileType = folder.assetcatalog; path = Assets.xcassets; sourceTree = "<group>"; };
		EF9186072CEC8A2A004B2A69 /* PDFPaperView.swift */ = {isa = PBXFileReference; lastKnownFileType = sourcecode.swift; path = PDFPaperView.swift; sourceTree = "<group>"; };
		EF9186082CEC8A2A004B2A69 /* PDFFondasiApp.swift */ = {isa = PBXFileReference; lastKnownFileType = sourcecode.swift; path = PDFFondasiApp.swift; sourceTree = "<group>"; };
		EF91860E2CEC8A7D004B2A69 /* PDFFondasiTests.swift */ = {isa = PBXFileReference; lastKnownFileType = sourcecode.swift; path = PDFFondasiTests.swift; sourceTree = "<group>"; };
		EF9186112CEC8A80004B2A69 /* PDFFondasiUITests.swift */ = {isa = PBXFileReference; lastKnownFileType = sourcecode.swift; path = PDFFondasiUITests.swift; sourceTree = "<group>"; };
		EF9186122CEC8A80004B2A69 /* PDFFondasiUITestsLaunchTests.swift */ = {isa = PBXFileReference; lastKnownFileType = sourcecode.swift; path = PDFFondasiUITestsLaunchTests.swift; sourceTree = "<group>"; };
		EF9186162CEC9A66004B2A69 /* FloorPlanCanvasView.swift */ = {isa = PBXFileReference; lastKnownFileType = sourcecode.swift; path = FloorPlanCanvasView.swift; sourceTree = "<group>"; };
		EF9186182CEC9B32004B2A69 /* ContentView.swift */ = {isa = PBXFileReference; lastKnownFileType = sourcecode.swift; path = ContentView.swift; sourceTree = "<group>"; };
		EF91861B2CEC9B7C004B2A69 /* View+ExportToPDF.swift */ = {isa = PBXFileReference; lastKnownFileType = sourcecode.swift; path = "View+ExportToPDF.swift"; sourceTree = "<group>"; };
		EF91861E2CEC9C53004B2A69 /* PDFManager.swift */ = {isa = PBXFileReference; lastKnownFileType = sourcecode.swift; path = PDFManager.swift; sourceTree = "<group>"; };
		EF9186202CEC9E8C004B2A69 /* ActivityView.swift */ = {isa = PBXFileReference; lastKnownFileType = sourcecode.swift; path = ActivityView.swift; sourceTree = "<group>"; };
		EF9186222CEC9E9E004B2A69 /* Divider+PDFDivider.swift */ = {isa = PBXFileReference; lastKnownFileType = sourcecode.swift; path = "Divider+PDFDivider.swift"; sourceTree = "<group>"; };
		EF9186252CECA644004B2A69 /* View+CornerRadius.swift */ = {isa = PBXFileReference; lastKnownFileType = sourcecode.swift; path = "View+CornerRadius.swift"; sourceTree = "<group>"; };
/* End PBXFileReference section */

/* Begin PBXFrameworksBuildPhase section */
		EF9185D42CEC8A23004B2A69 /* Frameworks */ = {
			isa = PBXFrameworksBuildPhase;
			buildActionMask = 2147483647;
			files = (
			);
			runOnlyForDeploymentPostprocessing = 0;
		};
		EF9185E42CEC8A25004B2A69 /* Frameworks */ = {
			isa = PBXFrameworksBuildPhase;
			buildActionMask = 2147483647;
			files = (
			);
			runOnlyForDeploymentPostprocessing = 0;
		};
		EF9185EE2CEC8A25004B2A69 /* Frameworks */ = {
			isa = PBXFrameworksBuildPhase;
			buildActionMask = 2147483647;
			files = (
			);
			runOnlyForDeploymentPostprocessing = 0;
		};
/* End PBXFrameworksBuildPhase section */

/* Begin PBXGroup section */
		EF9185CE2CEC8A23004B2A69 = {
			isa = PBXGroup;
			children = (
				EF9186092CEC8A2A004B2A69 /* PDFFondasi */,
				EF91860F2CEC8A7D004B2A69 /* PDFFondasiTests */,
				EF9186132CEC8A80004B2A69 /* PDFFondasiUITests */,
				EF9185D82CEC8A23004B2A69 /* Products */,
			);
			sourceTree = "<group>";
		};
		EF9185D82CEC8A23004B2A69 /* Products */ = {
			isa = PBXGroup;
			children = (
				EF9185D72CEC8A23004B2A69 /* PDFFondasi.app */,
				EF9185E72CEC8A25004B2A69 /* PDFFondasiTests.xctest */,
				EF9185F12CEC8A25004B2A69 /* PDFFondasiUITests.xctest */,
			);
			name = Products;
			sourceTree = "<group>";
		};
		EF9186052CEC8A2A004B2A69 /* Preview Content */ = {
			isa = PBXGroup;
			children = (
				EF9186042CEC8A2A004B2A69 /* Preview Assets.xcassets */,
			);
			path = "Preview Content";
			sourceTree = "<group>";
		};
		EF9186092CEC8A2A004B2A69 /* PDFFondasi */ = {
			isa = PBXGroup;
			children = (
				EF9186242CEC9ECE004B2A69 /* Components */,
				EF91861D2CEC9C4E004B2A69 /* Manager */,
				EF91861A2CEC9B77004B2A69 /* Extensions */,
				EF9186052CEC8A2A004B2A69 /* Preview Content */,
				EF9186062CEC8A2A004B2A69 /* Assets.xcassets */,
				EF9186182CEC9B32004B2A69 /* ContentView.swift */,
				EF9186072CEC8A2A004B2A69 /* PDFPaperView.swift */,
				EF9186082CEC8A2A004B2A69 /* PDFFondasiApp.swift */,
			);
			path = PDFFondasi;
			sourceTree = "<group>";
		};
		EF91860F2CEC8A7D004B2A69 /* PDFFondasiTests */ = {
			isa = PBXGroup;
			children = (
				EF91860E2CEC8A7D004B2A69 /* PDFFondasiTests.swift */,
			);
			path = PDFFondasiTests;
			sourceTree = "<group>";
		};
		EF9186132CEC8A80004B2A69 /* PDFFondasiUITests */ = {
			isa = PBXGroup;
			children = (
				EF9186112CEC8A80004B2A69 /* PDFFondasiUITests.swift */,
				EF9186122CEC8A80004B2A69 /* PDFFondasiUITestsLaunchTests.swift */,
			);
			path = PDFFondasiUITests;
			sourceTree = "<group>";
		};
		EF91861A2CEC9B77004B2A69 /* Extensions */ = {
			isa = PBXGroup;
			children = (
				EF9186222CEC9E9E004B2A69 /* Divider+PDFDivider.swift */,
				EF91861B2CEC9B7C004B2A69 /* View+ExportToPDF.swift */,
				EF9186252CECA644004B2A69 /* View+CornerRadius.swift */,
			);
			path = Extensions;
			sourceTree = "<group>";
		};
		EF91861D2CEC9C4E004B2A69 /* Manager */ = {
			isa = PBXGroup;
			children = (
				EF91861E2CEC9C53004B2A69 /* PDFManager.swift */,
			);
			path = Manager;
			sourceTree = "<group>";
		};
		EF9186242CEC9ECE004B2A69 /* Components */ = {
			isa = PBXGroup;
			children = (
				EF9186202CEC9E8C004B2A69 /* ActivityView.swift */,
				EF9186162CEC9A66004B2A69 /* FloorPlanCanvasView.swift */,
			);
			path = Components;
			sourceTree = "<group>";
		};
/* End PBXGroup section */

/* Begin PBXNativeTarget section */
		EF9185D62CEC8A23004B2A69 /* PDFFondasi */ = {
			isa = PBXNativeTarget;
			buildConfigurationList = EF9185FB2CEC8A25004B2A69 /* Build configuration list for PBXNativeTarget "PDFFondasi" */;
			buildPhases = (
				EF9185D32CEC8A23004B2A69 /* Sources */,
				EF9185D42CEC8A23004B2A69 /* Frameworks */,
				EF9185D52CEC8A23004B2A69 /* Resources */,
			);
			buildRules = (
			);
			dependencies = (
			);
			name = PDFFondasi;
			packageProductDependencies = (
			);
			productName = PDFFondasi;
			productReference = EF9185D72CEC8A23004B2A69 /* PDFFondasi.app */;
			productType = "com.apple.product-type.application";
		};
		EF9185E62CEC8A25004B2A69 /* PDFFondasiTests */ = {
			isa = PBXNativeTarget;
			buildConfigurationList = EF9185FE2CEC8A25004B2A69 /* Build configuration list for PBXNativeTarget "PDFFondasiTests" */;
			buildPhases = (
				EF9185E32CEC8A25004B2A69 /* Sources */,
				EF9185E42CEC8A25004B2A69 /* Frameworks */,
				EF9185E52CEC8A25004B2A69 /* Resources */,
			);
			buildRules = (
			);
			dependencies = (
				EF9185E92CEC8A25004B2A69 /* PBXTargetDependency */,
			);
			name = PDFFondasiTests;
			packageProductDependencies = (
			);
			productName = PDFFondasiTests;
			productReference = EF9185E72CEC8A25004B2A69 /* PDFFondasiTests.xctest */;
			productType = "com.apple.product-type.bundle.unit-test";
		};
		EF9185F02CEC8A25004B2A69 /* PDFFondasiUITests */ = {
			isa = PBXNativeTarget;
			buildConfigurationList = EF9186012CEC8A25004B2A69 /* Build configuration list for PBXNativeTarget "PDFFondasiUITests" */;
			buildPhases = (
				EF9185ED2CEC8A25004B2A69 /* Sources */,
				EF9185EE2CEC8A25004B2A69 /* Frameworks */,
				EF9185EF2CEC8A25004B2A69 /* Resources */,
			);
			buildRules = (
			);
			dependencies = (
				EF9185F32CEC8A25004B2A69 /* PBXTargetDependency */,
			);
			name = PDFFondasiUITests;
			packageProductDependencies = (
			);
			productName = PDFFondasiUITests;
			productReference = EF9185F12CEC8A25004B2A69 /* PDFFondasiUITests.xctest */;
			productType = "com.apple.product-type.bundle.ui-testing";
		};
/* End PBXNativeTarget section */

/* Begin PBXProject section */
		EF9185CF2CEC8A23004B2A69 /* Project object */ = {
			isa = PBXProject;
			attributes = {
				BuildIndependentTargetsInParallel = 1;
				LastSwiftUpdateCheck = 1610;
				LastUpgradeCheck = 1610;
				TargetAttributes = {
					EF9185D62CEC8A23004B2A69 = {
						CreatedOnToolsVersion = 16.1;
					};
					EF9185E62CEC8A25004B2A69 = {
						CreatedOnToolsVersion = 16.1;
						TestTargetID = EF9185D62CEC8A23004B2A69;
					};
					EF9185F02CEC8A25004B2A69 = {
						CreatedOnToolsVersion = 16.1;
						TestTargetID = EF9185D62CEC8A23004B2A69;
					};
				};
			};
			buildConfigurationList = EF9185D22CEC8A23004B2A69 /* Build configuration list for PBXProject "PDFFondasi" */;
			developmentRegion = en;
			hasScannedForEncodings = 0;
			knownRegions = (
				en,
				Base,
			);
			mainGroup = EF9185CE2CEC8A23004B2A69;
			minimizedProjectReferenceProxies = 1;
			preferredProjectObjectVersion = 77;
			productRefGroup = EF9185D82CEC8A23004B2A69 /* Products */;
			projectDirPath = "";
			projectRoot = "";
			targets = (
				EF9185D62CEC8A23004B2A69 /* PDFFondasi */,
				EF9185E62CEC8A25004B2A69 /* PDFFondasiTests */,
				EF9185F02CEC8A25004B2A69 /* PDFFondasiUITests */,
			);
		};
/* End PBXProject section */

/* Begin PBXResourcesBuildPhase section */
		EF9185D52CEC8A23004B2A69 /* Resources */ = {
			isa = PBXResourcesBuildPhase;
			buildActionMask = 2147483647;
			files = (
				EF91860A2CEC8A2A004B2A69 /* Preview Assets.xcassets in Resources */,
				EF91860B2CEC8A2A004B2A69 /* Assets.xcassets in Resources */,
			);
			runOnlyForDeploymentPostprocessing = 0;
		};
		EF9185E52CEC8A25004B2A69 /* Resources */ = {
			isa = PBXResourcesBuildPhase;
			buildActionMask = 2147483647;
			files = (
			);
			runOnlyForDeploymentPostprocessing = 0;
		};
		EF9185EF2CEC8A25004B2A69 /* Resources */ = {
			isa = PBXResourcesBuildPhase;
			buildActionMask = 2147483647;
			files = (
			);
			runOnlyForDeploymentPostprocessing = 0;
		};
/* End PBXResourcesBuildPhase section */

/* Begin PBXSourcesBuildPhase section */
		EF9185D32CEC8A23004B2A69 /* Sources */ = {
			isa = PBXSourcesBuildPhase;
			buildActionMask = 2147483647;
			files = (
				EF91861C2CEC9B80004B2A69 /* View+ExportToPDF.swift in Sources */,
				EF91860C2CEC8A2A004B2A69 /* PDFPaperView.swift in Sources */,
				EF91860D2CEC8A2A004B2A69 /* PDFFondasiApp.swift in Sources */,
				EF91861F2CEC9C55004B2A69 /* PDFManager.swift in Sources */,
				EF9186212CEC9E8F004B2A69 /* ActivityView.swift in Sources */,
				EF9186192CEC9B37004B2A69 /* ContentView.swift in Sources */,
				EF9186262CECA648004B2A69 /* View+CornerRadius.swift in Sources */,
				EF9186232CEC9EAE004B2A69 /* Divider+PDFDivider.swift in Sources */,
				EF9186172CEC9A6B004B2A69 /* FloorPlanCanvasView.swift in Sources */,
			);
			runOnlyForDeploymentPostprocessing = 0;
		};
		EF9185E32CEC8A25004B2A69 /* Sources */ = {
			isa = PBXSourcesBuildPhase;
			buildActionMask = 2147483647;
			files = (
				EF9186102CEC8A7D004B2A69 /* PDFFondasiTests.swift in Sources */,
			);
			runOnlyForDeploymentPostprocessing = 0;
		};
		EF9185ED2CEC8A25004B2A69 /* Sources */ = {
			isa = PBXSourcesBuildPhase;
			buildActionMask = 2147483647;
			files = (
				EF9186142CEC8A80004B2A69 /* PDFFondasiUITests.swift in Sources */,
				EF9186152CEC8A80004B2A69 /* PDFFondasiUITestsLaunchTests.swift in Sources */,
			);
			runOnlyForDeploymentPostprocessing = 0;
		};
/* End PBXSourcesBuildPhase section */

/* Begin PBXTargetDependency section */
		EF9185E92CEC8A25004B2A69 /* PBXTargetDependency */ = {
			isa = PBXTargetDependency;
			target = EF9185D62CEC8A23004B2A69 /* PDFFondasi */;
			targetProxy = EF9185E82CEC8A25004B2A69 /* PBXContainerItemProxy */;
		};
		EF9185F32CEC8A25004B2A69 /* PBXTargetDependency */ = {
			isa = PBXTargetDependency;
			target = EF9185D62CEC8A23004B2A69 /* PDFFondasi */;
			targetProxy = EF9185F22CEC8A25004B2A69 /* PBXContainerItemProxy */;
		};
/* End PBXTargetDependency section */

/* Begin XCBuildConfiguration section */
		EF9185F92CEC8A25004B2A69 /* Debug */ = {
			isa = XCBuildConfiguration;
			buildSettings = {
				ALWAYS_SEARCH_USER_PATHS = NO;
				ASSETCATALOG_COMPILER_GENERATE_SWIFT_ASSET_SYMBOL_EXTENSIONS = YES;
				CLANG_ANALYZER_NONNULL = YES;
				CLANG_ANALYZER_NUMBER_OBJECT_CONVERSION = YES_AGGRESSIVE;
				CLANG_CXX_LANGUAGE_STANDARD = "gnu++20";
				CLANG_ENABLE_MODULES = YES;
				CLANG_ENABLE_OBJC_ARC = YES;
				CLANG_ENABLE_OBJC_WEAK = YES;
				CLANG_WARN_BLOCK_CAPTURE_AUTORELEASING = YES;
				CLANG_WARN_BOOL_CONVERSION = YES;
				CLANG_WARN_COMMA = YES;
				CLANG_WARN_CONSTANT_CONVERSION = YES;
				CLANG_WARN_DEPRECATED_OBJC_IMPLEMENTATIONS = YES;
				CLANG_WARN_DIRECT_OBJC_ISA_USAGE = YES_ERROR;
				CLANG_WARN_DOCUMENTATION_COMMENTS = YES;
				CLANG_WARN_EMPTY_BODY = YES;
				CLANG_WARN_ENUM_CONVERSION = YES;
				CLANG_WARN_INFINITE_RECURSION = YES;
				CLANG_WARN_INT_CONVERSION = YES;
				CLANG_WARN_NON_LITERAL_NULL_CONVERSION = YES;
				CLANG_WARN_OBJC_IMPLICIT_RETAIN_SELF = YES;
				CLANG_WARN_OBJC_LITERAL_CONVERSION = YES;
				CLANG_WARN_OBJC_ROOT_CLASS = YES_ERROR;
				CLANG_WARN_QUOTED_INCLUDE_IN_FRAMEWORK_HEADER = YES;
				CLANG_WARN_RANGE_LOOP_ANALYSIS = YES;
				CLANG_WARN_STRICT_PROTOTYPES = YES;
				CLANG_WARN_SUSPICIOUS_MOVE = YES;
				CLANG_WARN_UNGUARDED_AVAILABILITY = YES_AGGRESSIVE;
				CLANG_WARN_UNREACHABLE_CODE = YES;
				CLANG_WARN__DUPLICATE_METHOD_MATCH = YES;
				COPY_PHASE_STRIP = NO;
				DEBUG_INFORMATION_FORMAT = dwarf;
				ENABLE_STRICT_OBJC_MSGSEND = YES;
				ENABLE_TESTABILITY = YES;
				ENABLE_USER_SCRIPT_SANDBOXING = YES;
				GCC_C_LANGUAGE_STANDARD = gnu17;
				GCC_DYNAMIC_NO_PIC = NO;
				GCC_NO_COMMON_BLOCKS = YES;
				GCC_OPTIMIZATION_LEVEL = 0;
				GCC_PREPROCESSOR_DEFINITIONS = (
					"DEBUG=1",
					"$(inherited)",
				);
				GCC_WARN_64_TO_32_BIT_CONVERSION = YES;
				GCC_WARN_ABOUT_RETURN_TYPE = YES_ERROR;
				GCC_WARN_UNDECLARED_SELECTOR = YES;
				GCC_WARN_UNINITIALIZED_AUTOS = YES_AGGRESSIVE;
				GCC_WARN_UNUSED_FUNCTION = YES;
				GCC_WARN_UNUSED_VARIABLE = YES;
				IPHONEOS_DEPLOYMENT_TARGET = 18.1;
				LOCALIZATION_PREFERS_STRING_CATALOGS = YES;
				MTL_ENABLE_DEBUG_INFO = INCLUDE_SOURCE;
				MTL_FAST_MATH = YES;
				ONLY_ACTIVE_ARCH = YES;
				SDKROOT = iphoneos;
				SWIFT_ACTIVE_COMPILATION_CONDITIONS = "DEBUG $(inherited)";
				SWIFT_OPTIMIZATION_LEVEL = "-Onone";
			};
			name = Debug;
		};
		EF9185FA2CEC8A25004B2A69 /* Release */ = {
			isa = XCBuildConfiguration;
			buildSettings = {
				ALWAYS_SEARCH_USER_PATHS = NO;
				ASSETCATALOG_COMPILER_GENERATE_SWIFT_ASSET_SYMBOL_EXTENSIONS = YES;
				CLANG_ANALYZER_NONNULL = YES;
				CLANG_ANALYZER_NUMBER_OBJECT_CONVERSION = YES_AGGRESSIVE;
				CLANG_CXX_LANGUAGE_STANDARD = "gnu++20";
				CLANG_ENABLE_MODULES = YES;
				CLANG_ENABLE_OBJC_ARC = YES;
				CLANG_ENABLE_OBJC_WEAK = YES;
				CLANG_WARN_BLOCK_CAPTURE_AUTORELEASING = YES;
				CLANG_WARN_BOOL_CONVERSION = YES;
				CLANG_WARN_COMMA = YES;
				CLANG_WARN_CONSTANT_CONVERSION = YES;
				CLANG_WARN_DEPRECATED_OBJC_IMPLEMENTATIONS = YES;
				CLANG_WARN_DIRECT_OBJC_ISA_USAGE = YES_ERROR;
				CLANG_WARN_DOCUMENTATION_COMMENTS = YES;
				CLANG_WARN_EMPTY_BODY = YES;
				CLANG_WARN_ENUM_CONVERSION = YES;
				CLANG_WARN_INFINITE_RECURSION = YES;
				CLANG_WARN_INT_CONVERSION = YES;
				CLANG_WARN_NON_LITERAL_NULL_CONVERSION = YES;
				CLANG_WARN_OBJC_IMPLICIT_RETAIN_SELF = YES;
				CLANG_WARN_OBJC_LITERAL_CONVERSION = YES;
				CLANG_WARN_OBJC_ROOT_CLASS = YES_ERROR;
				CLANG_WARN_QUOTED_INCLUDE_IN_FRAMEWORK_HEADER = YES;
				CLANG_WARN_RANGE_LOOP_ANALYSIS = YES;
				CLANG_WARN_STRICT_PROTOTYPES = YES;
				CLANG_WARN_SUSPICIOUS_MOVE = YES;
				CLANG_WARN_UNGUARDED_AVAILABILITY = YES_AGGRESSIVE;
				CLANG_WARN_UNREACHABLE_CODE = YES;
				CLANG_WARN__DUPLICATE_METHOD_MATCH = YES;
				COPY_PHASE_STRIP = NO;
				DEBUG_INFORMATION_FORMAT = "dwarf-with-dsym";
				ENABLE_NS_ASSERTIONS = NO;
				ENABLE_STRICT_OBJC_MSGSEND = YES;
				ENABLE_USER_SCRIPT_SANDBOXING = YES;
				GCC_C_LANGUAGE_STANDARD = gnu17;
				GCC_NO_COMMON_BLOCKS = YES;
				GCC_WARN_64_TO_32_BIT_CONVERSION = YES;
				GCC_WARN_ABOUT_RETURN_TYPE = YES_ERROR;
				GCC_WARN_UNDECLARED_SELECTOR = YES;
				GCC_WARN_UNINITIALIZED_AUTOS = YES_AGGRESSIVE;
				GCC_WARN_UNUSED_FUNCTION = YES;
				GCC_WARN_UNUSED_VARIABLE = YES;
				IPHONEOS_DEPLOYMENT_TARGET = 18.1;
				LOCALIZATION_PREFERS_STRING_CATALOGS = YES;
				MTL_ENABLE_DEBUG_INFO = NO;
				MTL_FAST_MATH = YES;
				SDKROOT = iphoneos;
				SWIFT_COMPILATION_MODE = wholemodule;
				VALIDATE_PRODUCT = YES;
			};
			name = Release;
		};
		EF9185FC2CEC8A25004B2A69 /* Debug */ = {
			isa = XCBuildConfiguration;
			buildSettings = {
				ASSETCATALOG_COMPILER_APPICON_NAME = AppIcon;
				ASSETCATALOG_COMPILER_GLOBAL_ACCENT_COLOR_NAME = AccentColor;
				CODE_SIGN_STYLE = Automatic;
				CURRENT_PROJECT_VERSION = 1;
				DEVELOPMENT_ASSET_PATHS = "\"PDFFondasi/Preview Content\"";
				DEVELOPMENT_TEAM = DP3K3GBL6K;
				ENABLE_PREVIEWS = YES;
				GENERATE_INFOPLIST_FILE = YES;
				INFOPLIST_KEY_UIApplicationSceneManifest_Generation = YES;
				INFOPLIST_KEY_UIApplicationSupportsIndirectInputEvents = YES;
				INFOPLIST_KEY_UILaunchScreen_Generation = YES;
				INFOPLIST_KEY_UISupportedInterfaceOrientations_iPad = "UIInterfaceOrientationPortrait UIInterfaceOrientationPortraitUpsideDown UIInterfaceOrientationLandscapeLeft UIInterfaceOrientationLandscapeRight";
				INFOPLIST_KEY_UISupportedInterfaceOrientations_iPhone = "UIInterfaceOrientationPortrait UIInterfaceOrientationLandscapeLeft UIInterfaceOrientationLandscapeRight";
				IPHONEOS_DEPLOYMENT_TARGET = 17.6;
				LD_RUNPATH_SEARCH_PATHS = (
					"$(inherited)",
					"@executable_path/Frameworks",
				);
				MARKETING_VERSION = 1.0;
				PRODUCT_BUNDLE_IDENTIFIER = com.dasontio.PDFFondasi;
				PRODUCT_NAME = "$(TARGET_NAME)";
				SWIFT_EMIT_LOC_STRINGS = YES;
				SWIFT_VERSION = 5.0;
				TARGETED_DEVICE_FAMILY = "1,2";
			};
			name = Debug;
		};
		EF9185FD2CEC8A25004B2A69 /* Release */ = {
			isa = XCBuildConfiguration;
			buildSettings = {
				ASSETCATALOG_COMPILER_APPICON_NAME = AppIcon;
				ASSETCATALOG_COMPILER_GLOBAL_ACCENT_COLOR_NAME = AccentColor;
				CODE_SIGN_STYLE = Automatic;
				CURRENT_PROJECT_VERSION = 1;
				DEVELOPMENT_ASSET_PATHS = "\"PDFFondasi/Preview Content\"";
				DEVELOPMENT_TEAM = DP3K3GBL6K;
				ENABLE_PREVIEWS = YES;
				GENERATE_INFOPLIST_FILE = YES;
				INFOPLIST_KEY_UIApplicationSceneManifest_Generation = YES;
				INFOPLIST_KEY_UIApplicationSupportsIndirectInputEvents = YES;
				INFOPLIST_KEY_UILaunchScreen_Generation = YES;
				INFOPLIST_KEY_UISupportedInterfaceOrientations_iPad = "UIInterfaceOrientationPortrait UIInterfaceOrientationPortraitUpsideDown UIInterfaceOrientationLandscapeLeft UIInterfaceOrientationLandscapeRight";
				INFOPLIST_KEY_UISupportedInterfaceOrientations_iPhone = "UIInterfaceOrientationPortrait UIInterfaceOrientationLandscapeLeft UIInterfaceOrientationLandscapeRight";
				IPHONEOS_DEPLOYMENT_TARGET = 17.6;
				LD_RUNPATH_SEARCH_PATHS = (
					"$(inherited)",
					"@executable_path/Frameworks",
				);
				MARKETING_VERSION = 1.0;
				PRODUCT_BUNDLE_IDENTIFIER = com.dasontio.PDFFondasi;
				PRODUCT_NAME = "$(TARGET_NAME)";
				SWIFT_EMIT_LOC_STRINGS = YES;
				SWIFT_VERSION = 5.0;
				TARGETED_DEVICE_FAMILY = "1,2";
			};
			name = Release;
		};
		EF9185FF2CEC8A25004B2A69 /* Debug */ = {
			isa = XCBuildConfiguration;
			buildSettings = {
				BUNDLE_LOADER = "$(TEST_HOST)";
				CODE_SIGN_STYLE = Automatic;
				CURRENT_PROJECT_VERSION = 1;
				DEVELOPMENT_TEAM = DP3K3GBL6K;
				GENERATE_INFOPLIST_FILE = YES;
				IPHONEOS_DEPLOYMENT_TARGET = 18.1;
				MARKETING_VERSION = 1.0;
				PRODUCT_BUNDLE_IDENTIFIER = com.dasontio.PDFFondasiTests;
				PRODUCT_NAME = "$(TARGET_NAME)";
				SWIFT_EMIT_LOC_STRINGS = NO;
				SWIFT_VERSION = 5.0;
				TARGETED_DEVICE_FAMILY = "1,2";
				TEST_HOST = "$(BUILT_PRODUCTS_DIR)/PDFFondasi.app/$(BUNDLE_EXECUTABLE_FOLDER_PATH)/PDFFondasi";
			};
			name = Debug;
		};
		EF9186002CEC8A25004B2A69 /* Release */ = {
			isa = XCBuildConfiguration;
			buildSettings = {
				BUNDLE_LOADER = "$(TEST_HOST)";
				CODE_SIGN_STYLE = Automatic;
				CURRENT_PROJECT_VERSION = 1;
				DEVELOPMENT_TEAM = DP3K3GBL6K;
				GENERATE_INFOPLIST_FILE = YES;
				IPHONEOS_DEPLOYMENT_TARGET = 18.1;
				MARKETING_VERSION = 1.0;
				PRODUCT_BUNDLE_IDENTIFIER = com.dasontio.PDFFondasiTests;
				PRODUCT_NAME = "$(TARGET_NAME)";
				SWIFT_EMIT_LOC_STRINGS = NO;
				SWIFT_VERSION = 5.0;
				TARGETED_DEVICE_FAMILY = "1,2";
				TEST_HOST = "$(BUILT_PRODUCTS_DIR)/PDFFondasi.app/$(BUNDLE_EXECUTABLE_FOLDER_PATH)/PDFFondasi";
			};
			name = Release;
		};
		EF9186022CEC8A25004B2A69 /* Debug */ = {
			isa = XCBuildConfiguration;
			buildSettings = {
				CODE_SIGN_STYLE = Automatic;
				CURRENT_PROJECT_VERSION = 1;
				DEVELOPMENT_TEAM = DP3K3GBL6K;
				GENERATE_INFOPLIST_FILE = YES;
				MARKETING_VERSION = 1.0;
				PRODUCT_BUNDLE_IDENTIFIER = com.dasontio.PDFFondasiUITests;
				PRODUCT_NAME = "$(TARGET_NAME)";
				SWIFT_EMIT_LOC_STRINGS = NO;
				SWIFT_VERSION = 5.0;
				TARGETED_DEVICE_FAMILY = "1,2";
				TEST_TARGET_NAME = PDFFondasi;
			};
			name = Debug;
		};
		EF9186032CEC8A25004B2A69 /* Release */ = {
			isa = XCBuildConfiguration;
			buildSettings = {
				CODE_SIGN_STYLE = Automatic;
				CURRENT_PROJECT_VERSION = 1;
				DEVELOPMENT_TEAM = DP3K3GBL6K;
				GENERATE_INFOPLIST_FILE = YES;
				MARKETING_VERSION = 1.0;
				PRODUCT_BUNDLE_IDENTIFIER = com.dasontio.PDFFondasiUITests;
				PRODUCT_NAME = "$(TARGET_NAME)";
				SWIFT_EMIT_LOC_STRINGS = NO;
				SWIFT_VERSION = 5.0;
				TARGETED_DEVICE_FAMILY = "1,2";
				TEST_TARGET_NAME = PDFFondasi;
			};
			name = Release;
		};
/* End XCBuildConfiguration section */

/* Begin XCConfigurationList section */
		EF9185D22CEC8A23004B2A69 /* Build configuration list for PBXProject "PDFFondasi" */ = {
			isa = XCConfigurationList;
			buildConfigurations = (
				EF9185F92CEC8A25004B2A69 /* Debug */,
				EF9185FA2CEC8A25004B2A69 /* Release */,
			);
			defaultConfigurationIsVisible = 0;
			defaultConfigurationName = Release;
		};
		EF9185FB2CEC8A25004B2A69 /* Build configuration list for PBXNativeTarget "PDFFondasi" */ = {
			isa = XCConfigurationList;
			buildConfigurations = (
				EF9185FC2CEC8A25004B2A69 /* Debug */,
				EF9185FD2CEC8A25004B2A69 /* Release */,
			);
			defaultConfigurationIsVisible = 0;
			defaultConfigurationName = Release;
		};
		EF9185FE2CEC8A25004B2A69 /* Build configuration list for PBXNativeTarget "PDFFondasiTests" */ = {
			isa = XCConfigurationList;
			buildConfigurations = (
				EF9185FF2CEC8A25004B2A69 /* Debug */,
				EF9186002CEC8A25004B2A69 /* Release */,
			);
			defaultConfigurationIsVisible = 0;
			defaultConfigurationName = Release;
		};
		EF9186012CEC8A25004B2A69 /* Build configuration list for PBXNativeTarget "PDFFondasiUITests" */ = {
			isa = XCConfigurationList;
			buildConfigurations = (
				EF9186022CEC8A25004B2A69 /* Debug */,
				EF9186032CEC8A25004B2A69 /* Release */,
			);
			defaultConfigurationIsVisible = 0;
			defaultConfigurationName = Release;
		};
/* End XCConfigurationList section */
	};
	rootObject = EF9185CF2CEC8A23004B2A69 /* Project object */;
}
